# THIS IS AN AUTOGENERATED FILE. DO NOT EDIT THIS FILE DIRECTLY.
# yarn lockfile v1

"@emotion/react@^11.11.0":
  version "11.11.0"
  resolved "https://registry.yarnpkg.com/@emotion/react/-/react-11.11.0.tgz"
  integrity "sha512-tz4UhALv5T7EG62YzNXhOEL0vQF5YKtJVaQ0KZtmfWnHV/PvH4GdD0L+f4YqQx4QGRvZHQz7HxJxE1CVPTvtw=="
  dependencies:
    "@emotion/babel-plugin" "^11.11.0"
    "@emotion/cache" "^11.11.0"
    "@emotion/serialize" "^1.1.2"
    "@emotion/use-insertion-effect-with-fallbacks" "^1.0.1"
    "@emotion/weak-memoize" "^0.3.1"

"@mui/material@^5.14.0":
  version "5.14.0"
  resolved "https://registry.yarnpkg.com/@mui/material/-/material-5.14.0.tgz"
  integrity "sha512-7QQz1YG2LF4J6VX9/5XWYkSQ7GJU4l0H/9gZ1Gr5Jd3L4KtG1FYz4Jh8qQ2JFtK3L4Qv8Zj4Dp0QZ4Kj8Ij8Qw=="
  dependencies:
    "@mui/base" "5.0.0-beta.7"
    "@mui/system" "^5.14.0"
    "@mui/types" "^7.2.4"
    "@mui/utils" "^5.14.0"
    "@types/react-transition-group" "^4.4.6"
    "clsx" "^1.2.1"
    "csstype" "^3.1.2"
    "prop-types" "^15.8.1"

"@reduxjs/toolkit@^1.9.5":
  version "1.9.5"
  resolved "https://registry.yarnpkg.com/@reduxjs/toolkit/-/toolkit-1.9.5.tgz"
  integrity "sha512-Rt97jHmfTeaxL4swLRoqPe4L6JRg0Tk8L7rL9YUw6xWZvS1Hs8yKZjxZYz9XZg8YWZp1W7QZ1d5A5A5Q5A5Rw=="
  dependencies:
    "immer" "^9.0.21"
    "redux" "^4.2.1"
    "redux-thunk" "^2.4.2"
    "reselect" "^4.1.8"

"chart.js@^4.3.0":
  version "4.3.0"
  resolved "https://registry.yarnpkg.com/chart.js/-/chart.js-4.3.0.tgz"
  integrity "sha512-7rqSlHWMUKFyBDOJvmFGW2lxULtcwaPLegDjX/Nu5j6QybZ+uq8U7/YqIl+/NMy7t/PFdXVc7AeJ9TyKxBisw=="
  dependencies:
    "@kurkle/color" "^0.3.0"

"react@^18.2.0":
  version "18.2.0"
  resolved "https://registry.yarnpkg.com/react/-/react-18.2.0.tgz"
  integrity "sha512-/3IjMdb2L9QbBdWiW5e3P2/npwMBaU9mHCSCUzNln0ZCYbcfTsGbTJrU/kGemdH2IWmB2ioZ+zkxtmq6g09fGQ=="
  dependencies:
    "loose-envify" "^1.1.0"

"socket.io-client@^4.7.0":
  version "4.7.0"
  resolved "https://registry.yarnpkg.com/socket.io-client/-/socket.io-client-4.7.0.tgz"
  integrity "sha512-1wJ/z+YXdj+Jz5J5U5U5L5f5A5B5A5A5A5A5A5A5A5A5A5A5A5A5A5A5A5A5A5A5A5A5A5A5A5A5A5A5A5A5A5A=="
  dependencies:
    "@socket.io/component-emitter" "~3.1.0"
    "debug" "~4.3.2"
    "engine.io-client" "~6.5.0"
    "socket.io-parser" "~4.2.4"

"typescript@^5.1.6":
  version "5.1.6"
  resolved "https://registry.yarnpkg.com/typescript/-/typescript-5.1.6.tgz"
  integrity "sha512-zaWCozRZ6DkEzAFYrXY8HKJ6UxZrJ+JyZL6z9QJ5Y5A5A5A5A5A5A5A5A5A5A5A5A5A5A5A5A5A5A5A5A5A5A=="

"vite@^4.4.0":
  version "4.4.0"
  resolved "https://registry.yarnpkg.com/vite/-/vite-4.4.0.tgz"
  integrity "sha512-JzXfU5Z5U5U5U5U5U5U5U5U5U5U5U5U5U5U5U5U5U5U5U5U5U5U5U5U5U5U5U5U5U5U5U5U5U5U5U5U5U5U=="
  dependencies:
    "esbuild" "^0.18.10"
    "postcss" "^8.4.25"
    "rollup" "^3.25.2"

"jest@^29.5.0":
  version "29.5.0"
  resolved "https://registry.yarnpkg.com/jest/-/jest-29.5.0.tgz"
  integrity "sha512-ZzXz5U5U5U5U5U5U5U5U5U5U5U5U5U5U5U5U5U5U5U5U5U5U5U5U5U5U5U5U5U5U5U5U5U5U5U5U5U5U5U=="
  dependencies:
    "@jest/core" "^29.5.0"
    "@jest/types" "^29.5.0"
    "import-local" "^3.1.0"
    "jest-cli" "^29.5.0"

"eslint@^8.43.0":
  version "8.43.0"
  resolved "https://registry.yarnpkg.com/eslint/-/eslint-8.43.0.tgz"
  integrity "sha512-ZzXz5U5U5U5U5U5U5U5U5U5U5U5U5U5U5U5U5U5U5U5U5U5U5U5U5U5U5U5U5U5U5U5U5U5U5U5U5U5U5U=="
  dependencies:
    "@eslint/eslintrc" "^2.1.0"
    "@humanwhocodes/config-array" "^0.11.10"
    "ajv" "^6.12.4"
    "debug" "^4.3.2"
    "doctrine" "^3.0.0"
    "eslint-scope" "^7.2.0"
    "eslint-visitor-keys" "^3.4.1"

# Many more dependencies would follow...